
Microsoft Visual Studio Solution File, Format Version 12.00
# Visual Studio Version 17
VisualStudioVersion = 17.4.33213.308
MinimumVisualStudioVersion = 10.0.40219.1
Project("{9A19103F-16F7-4668-BE54-9A1E7A4F7556}") = "Core", "Core\Core.csproj", "{96C29470-DA33-4876-8126-6AFFCD41B49D}"
EndProject
Project("{9A19103F-16F7-4668-BE54-9A1E7A4F7556}") = "Business", "Business\Business.csproj", "{6A8380D1-D608-40AA-BC09-F92DEEAE1CC3}"
EndProject
Project("{9A19103F-16F7-4668-BE54-9A1E7A4F7556}") = "DataAccess", "DataAccess\DataAccess.csproj", "{F13CE42B-9AFB-4A23-B500-21940C8D53EC}"
EndProject
Project("{9A19103F-16F7-4668-BE54-9A1E7A4F7556}") = "Entities", "Entities\Entities.csproj", "{7A7FD18D-F26E-4B85-885C-44A4AA2FDD42}"
EndProject
Project("{FAE04EC0-301F-11D3-BF4B-00C04F79EFBC}") = "Web", "Web\Web.csproj", "{AFD5BFA7-9F63-45F7-91D8-141CF836975B}"
EndProject
Global
	GlobalSection(SolutionConfigurationPlatforms) = preSolution
		Debug|Any CPU = Debug|Any CPU
		Release|Any CPU = Release|Any CPU
	EndGlobalSection
	GlobalSection(ProjectConfigurationPlatforms) = postSolution
		{96C29470-DA33-4876-8126-6AFFCD41B49D}.Debug|Any CPU.ActiveCfg = Debug|Any CPU
		{96C29470-DA33-4876-8126-6AFFCD41B49D}.Debug|Any CPU.Build.0 = Debug|Any CPU
		{96C29470-DA33-4876-8126-6AFFCD41B49D}.Release|Any CPU.ActiveCfg = Release|Any CPU
		{96C29470-DA33-4876-8126-6AFFCD41B49D}.Release|Any CPU.Build.0 = Release|Any CPU
		{6A8380D1-D608-40AA-BC09-F92DEEAE1CC3}.Debug|Any CPU.ActiveCfg = Debug|Any CPU
		{6A8380D1-D608-40AA-BC09-F92DEEAE1CC3}.Debug|Any CPU.Build.0 = Debug|Any CPU
		{6A8380D1-D608-40AA-BC09-F92DEEAE1CC3}.Release|Any CPU.ActiveCfg = Release|Any CPU
		{6A8380D1-D608-40AA-BC09-F92DEEAE1CC3}.Release|Any CPU.Build.0 = Release|Any CPU
		{F13CE42B-9AFB-4A23-B500-21940C8D53EC}.Debug|Any CPU.ActiveCfg = Debug|Any CPU
		{F13CE42B-9AFB-4A23-B500-21940C8D53EC}.Debug|Any CPU.Build.0 = Debug|Any CPU
		{F13CE42B-9AFB-4A23-B500-21940C8D53EC}.Release|Any CPU.ActiveCfg = Release|Any CPU
		{F13CE42B-9AFB-4A23-B500-21940C8D53EC}.Release|Any CPU.Build.0 = Release|Any CPU
		{7A7FD18D-F26E-4B85-885C-44A4AA2FDD42}.Debug|Any CPU.ActiveCfg = Debug|Any CPU
		{7A7FD18D-F26E-4B85-885C-44A4AA2FDD42}.Debug|Any CPU.Build.0 = Debug|Any CPU
		{7A7FD18D-F26E-4B85-885C-44A4AA2FDD42}.Release|Any CPU.ActiveCfg = Release|Any CPU
		{7A7FD18D-F26E-4B85-885C-44A4AA2FDD42}.Release|Any CPU.Build.0 = Release|Any CPU
		{AFD5BFA7-9F63-45F7-91D8-141CF836975B}.Debug|Any CPU.ActiveCfg = Debug|Any CPU
		{AFD5BFA7-9F63-45F7-91D8-141CF836975B}.Debug|Any CPU.Build.0 = Debug|Any CPU
		{AFD5BFA7-9F63-45F7-91D8-141CF836975B}.Release|Any CPU.ActiveCfg = Release|Any CPU
		{AFD5BFA7-9F63-45F7-91D8-141CF836975B}.Release|Any CPU.Build.0 = Release|Any CPU
	EndGlobalSection
	GlobalSection(SolutionProperties) = preSolution
		HideSolutionNode = FALSE
	EndGlobalSection
	GlobalSection(ExtensibilityGlobals) = postSolution
		SolutionGuid = {CF522D44-7C4F-42A4-ADBA-A92DAA3761DE}
	EndGlobalSection
EndGlobal
